
Microsoft Visual Studio Solution File, Format Version 12.00
# Visual Studio Version 17
VisualStudioVersion = 17.4.33213.308
MinimumVisualStudioVersion = 10.0.40219.1
Project("{FAE04EC0-301F-11D3-BF4B-00C04F79EFBC}") = "TestClass", "TestClass\TestClass.csproj", "{9CA8B054-099E-47EB-B4FC-2DC2E4B3E355}"
EndProject
Project("{FAE04EC0-301F-11D3-BF4B-00C04F79EFBC}") = "NUnitDemonstrations", "NUnitDemonstrations\NUnitDemonstrations.csproj", "{02DAF17F-0038-44D4-85FD-72B549CE227C}"
EndProject
Project("{FAE04EC0-301F-11D3-BF4B-00C04F79EFBC}") = "testtriangle", "testtriangle\testtriangle.csproj", "{95A0529B-E44F-448F-BAC5-FA0A92473E7C}"
EndProject
Global
	GlobalSection(SolutionConfigurationPlatforms) = preSolution
		Debug|Any CPU = Debug|Any CPU
		Release|Any CPU = Release|Any CPU
	EndGlobalSection
	GlobalSection(ProjectConfigurationPlatforms) = postSolution
		{9CA8B054-099E-47EB-B4FC-2DC2E4B3E355}.Debug|Any CPU.ActiveCfg = Debug|Any CPU
		{9CA8B054-099E-47EB-B4FC-2DC2E4B3E355}.Debug|Any CPU.Build.0 = Debug|Any CPU
		{9CA8B054-099E-47EB-B4FC-2DC2E4B3E355}.Release|Any CPU.ActiveCfg = Release|Any CPU
		{9CA8B054-099E-47EB-B4FC-2DC2E4B3E355}.Release|Any CPU.Build.0 = Release|Any CPU
		{02DAF17F-0038-44D4-85FD-72B549CE227C}.Debug|Any CPU.ActiveCfg = Debug|Any CPU
		{02DAF17F-0038-44D4-85FD-72B549CE227C}.Debug|Any CPU.Build.0 = Debug|Any CPU
		{02DAF17F-0038-44D4-85FD-72B549CE227C}.Release|Any CPU.ActiveCfg = Release|Any CPU
		{02DAF17F-0038-44D4-85FD-72B549CE227C}.Release|Any CPU.Build.0 = Release|Any CPU
		{95A0529B-E44F-448F-BAC5-FA0A92473E7C}.Debug|Any CPU.ActiveCfg = Debug|Any CPU
		{95A0529B-E44F-448F-BAC5-FA0A92473E7C}.Debug|Any CPU.Build.0 = Debug|Any CPU
		{95A0529B-E44F-448F-BAC5-FA0A92473E7C}.Release|Any CPU.ActiveCfg = Release|Any CPU
		{95A0529B-E44F-448F-BAC5-FA0A92473E7C}.Release|Any CPU.Build.0 = Release|Any CPU
	EndGlobalSection
	GlobalSection(SolutionProperties) = preSolution
		HideSolutionNode = FALSE
	EndGlobalSection
	GlobalSection(ExtensibilityGlobals) = postSolution
		SolutionGuid = {065AEE66-606D-49BC-B889-9B7229973388}
	EndGlobalSection
EndGlobal
